
Microsoft Visual Studio Solution File, Format Version 12.00
# Visual Studio Version 16
VisualStudioVersion = 16.0.30114.105
MinimumVisualStudioVersion = 10.0.40219.1
Project("{FAE04EC0-301F-11D3-BF4B-00C04F79EFBC}") = "Restaurant.API", "Restaurant.API\Restaurant.API.csproj", "{55D4948B-149B-47F5-AE98-1E6811240358}"
EndProject
Project("{FAE04EC0-301F-11D3-BF4B-00C04F79EFBC}") = "Restaurant.UnitTest", "Restaurant.UnitTest\Restaurant.UnitTest.csproj", "{220E99BD-21FE-4E08-A0DA-89366D49FB83}"
EndProject
Global
	GlobalSection(SolutionConfigurationPlatforms) = preSolution
		Debug|Any CPU = Debug|Any CPU
		Debug|x64 = Debug|x64
		Debug|x86 = Debug|x86
		Release|Any CPU = Release|Any CPU
		Release|x64 = Release|x64
		Release|x86 = Release|x86
	EndGlobalSection
	GlobalSection(SolutionProperties) = preSolution
		HideSolutionNode = FALSE
	EndGlobalSection
	GlobalSection(ProjectConfigurationPlatforms) = postSolution
		{55D4948B-149B-47F5-AE98-1E6811240358}.Debug|Any CPU.ActiveCfg = Debug|Any CPU
		{55D4948B-149B-47F5-AE98-1E6811240358}.Debug|Any CPU.Build.0 = Debug|Any CPU
		{55D4948B-149B-47F5-AE98-1E6811240358}.Debug|x64.ActiveCfg = Debug|Any CPU
		{55D4948B-149B-47F5-AE98-1E6811240358}.Debug|x64.Build.0 = Debug|Any CPU
		{55D4948B-149B-47F5-AE98-1E6811240358}.Debug|x86.ActiveCfg = Debug|Any CPU
		{55D4948B-149B-47F5-AE98-1E6811240358}.Debug|x86.Build.0 = Debug|Any CPU
		{55D4948B-149B-47F5-AE98-1E6811240358}.Release|Any CPU.ActiveCfg = Release|Any CPU
		{55D4948B-149B-47F5-AE98-1E6811240358}.Release|Any CPU.Build.0 = Release|Any CPU
		{55D4948B-149B-47F5-AE98-1E6811240358}.Release|x64.ActiveCfg = Release|Any CPU
		{55D4948B-149B-47F5-AE98-1E6811240358}.Release|x64.Build.0 = Release|Any CPU
		{55D4948B-149B-47F5-AE98-1E6811240358}.Release|x86.ActiveCfg = Release|Any CPU
		{55D4948B-149B-47F5-AE98-1E6811240358}.Release|x86.Build.0 = Release|Any CPU
		{220E99BD-21FE-4E08-A0DA-89366D49FB83}.Debug|Any CPU.ActiveCfg = Debug|Any CPU
		{220E99BD-21FE-4E08-A0DA-89366D49FB83}.Debug|Any CPU.Build.0 = Debug|Any CPU
		{220E99BD-21FE-4E08-A0DA-89366D49FB83}.Debug|x64.ActiveCfg = Debug|Any CPU
		{220E99BD-21FE-4E08-A0DA-89366D49FB83}.Debug|x64.Build.0 = Debug|Any CPU
		{220E99BD-21FE-4E08-A0DA-89366D49FB83}.Debug|x86.ActiveCfg = Debug|Any CPU
		{220E99BD-21FE-4E08-A0DA-89366D49FB83}.Debug|x86.Build.0 = Debug|Any CPU
		{220E99BD-21FE-4E08-A0DA-89366D49FB83}.Release|Any CPU.ActiveCfg = Release|Any CPU
		{220E99BD-21FE-4E08-A0DA-89366D49FB83}.Release|Any CPU.Build.0 = Release|Any CPU
		{220E99BD-21FE-4E08-A0DA-89366D49FB83}.Release|x64.ActiveCfg = Release|Any CPU
		{220E99BD-21FE-4E08-A0DA-89366D49FB83}.Release|x64.Build.0 = Release|Any CPU
		{220E99BD-21FE-4E08-A0DA-89366D49FB83}.Release|x86.ActiveCfg = Release|Any CPU
		{220E99BD-21FE-4E08-A0DA-89366D49FB83}.Release|x86.Build.0 = Release|Any CPU
	EndGlobalSection
EndGlobal
